
Microsoft Visual Studio Solution File, Format Version 10.00
# Visual Studio 2008
Project("{FAE04EC0-301F-11D3-BF4B-00C04F79EFBC}") = "Helpers.Net.Extensions", "Helpers.Net.Extensions\Helpers.Net.Extensions.csproj", "{B10132AE-E453-4E0A-9095-042232A32AFE}"
EndProject
Global
	GlobalSection(SolutionConfigurationPlatforms) = preSolution
		Debug|Any CPU = Debug|Any CPU
		Release|Any CPU = Release|Any CPU
	EndGlobalSection
	GlobalSection(ProjectConfigurationPlatforms) = postSolution
		{B10132AE-E453-4E0A-9095-042232A32AFE}.Debug|Any CPU.ActiveCfg = Debug|Any CPU
		{B10132AE-E453-4E0A-9095-042232A32AFE}.Debug|Any CPU.Build.0 = Debug|Any CPU
		{B10132AE-E453-4E0A-9095-042232A32AFE}.Release|Any CPU.ActiveCfg = Release|Any CPU
		{B10132AE-E453-4E0A-9095-042232A32AFE}.Release|Any CPU.Build.0 = Release|Any CPU
	EndGlobalSection
	GlobalSection(SolutionProperties) = preSolution
		HideSolutionNode = FALSE
	EndGlobalSection
EndGlobal
